# THIS IS AN AUTOGENERATED FILE. DO NOT EDIT THIS FILE DIRECTLY.
# yarn lockfile v1


"@web3api/templates@0.0.1-prealpha.30":
  version "0.0.1-prealpha.30"
  resolved "https://registry.yarnpkg.com/@web3api/templates/-/templates-0.0.1-prealpha.30.tgz#e859f30acfe27cd6639318f39ad7540efdfc4b4e"
  integrity sha512-M+BIrSF4qmkannEoeqJhy8jsOkAp0CQ1EXt9AqH1k240A7k+m8CrFdMZjgBNXSwAjUkIt46zCSrnZ1SnQuiIKQ==
